
Microsoft Visual Studio Solution File, Format Version 12.00
# Visual Studio Version 16
VisualStudioVersion = 16.0.31729.503
MinimumVisualStudioVersion = 10.0.40219.1
Project("{9A19103F-16F7-4668-BE54-9A1E7A4F7556}") = "TestFinal", "TestFinal.csproj", "{2348E96B-DBD8-4BFF-8CB4-BAE783F412BF}"
EndProject
Global
	GlobalSection(SolutionConfigurationPlatforms) = preSolution
		Debug|Any CPU = Debug|Any CPU
		Release|Any CPU = Release|Any CPU
	EndGlobalSection
	GlobalSection(ProjectConfigurationPlatforms) = postSolution
		{2348E96B-DBD8-4BFF-8CB4-BAE783F412BF}.Debug|Any CPU.ActiveCfg = Debug|Any CPU
		{2348E96B-DBD8-4BFF-8CB4-BAE783F412BF}.Debug|Any CPU.Build.0 = Debug|Any CPU
		{2348E96B-DBD8-4BFF-8CB4-BAE783F412BF}.Release|Any CPU.ActiveCfg = Release|Any CPU
		{2348E96B-DBD8-4BFF-8CB4-BAE783F412BF}.Release|Any CPU.Build.0 = Release|Any CPU
	EndGlobalSection
	GlobalSection(SolutionProperties) = preSolution
		HideSolutionNode = FALSE
	EndGlobalSection
	GlobalSection(ExtensibilityGlobals) = postSolution
		SolutionGuid = {EDD31184-2F9A-4745-9C55-69AA75FAC8DA}
	EndGlobalSection
EndGlobal
